hash: f089f2fd67bd222a39664e59f52f5b018181e40a02605697ecd90dc7e01c9607
updated: 2019-10-18T16:48:10.900636+08:00
imports:
- name: github.com/astaxie/beego
  version: 1b6edafc96ad27b6515fafeccd7339dda3e997b1
  subpackages:
  - config
  - context
  - context/param
  - grace
  - logs
  - orm
  - plugins/cors
  - session
  - toolbox
  - utils
- name: golang.org/x/crypto
  version: 74369b46fc6756741c016591724fd1cb8e26845f
  subpackages:
  - acme
  - acme/autocert
- name: gopkg.in/yaml.v2
  version: 5420a8b6744d3b0345ab293f6fcba19c978f1183
testImports: []
